{
  "name": "imtest",
  "version": "1.0.0",
  "lockfileVersion": 3,
  "requires": true,
  "packages": {
    "": {
      "name": "imtest",
      "version": "1.0.0",
      "license": "ISC",
      "dependencies": {
        "@tencentcloud/chat": "^3.6.6",
        "tim-upload-plugin": "^1.4.3"
      }
    },
    "node_modules/@tencentcloud/chat": {
      "version": "3.6.6",
      "resolved": "https://registry.npmmirror.com/@tencentcloud/chat/-/chat-3.6.6.tgz",
      "integrity": "sha512-PYPGUoZHw3GjDgM0N72qr0K/Wjp28HAoGaND077sbUQEwYFaMjZ1tuBQZugFG6v8OS8Ihx71yqNshR3xDHvYaA==",
      "license": "ISC"
    },
    "node_modules/tim-upload-plugin": {
      "version": "1.4.3",
      "resolved": "https://registry.npmmirror.com/tim-upload-plugin/-/tim-upload-plugin-1.4.3.tgz",
      "integrity": "sha512-3ZmbA36dr3eG9YGDon9MLBUtbNawYWkL+TBa+VS0Uviguc7PlVSOIVRG2C4irXX16slDT2Kj+HAZapp+Xqp2xg==",
      "license": "ISC"
    }
  }
}
