{
  "name": "imtest",
  "version": "1.0.0",
  "lockfileVersion": 3,
  "requires": true,
  "packages": {
    "": {
      "name": "imtest",
      "version": "1.0.0",
      "license": "ISC",
      "dependencies": {
        "@tencentcloud/chat": "^3.6.6",
        "@trtc/calls-uikit-vue": "^4.5.5",
        "tim-upload-plugin": "^1.4.3"
      }
    },
    "node_modules/@tencentcloud/chat": {
      "version": "3.6.6",
      "resolved": "https://registry.npmmirror.com/@tencentcloud/chat/-/chat-3.6.6.tgz",
      "integrity": "sha512-PYPGUoZHw3GjDgM0N72qr0K/Wjp28HAoGaND077sbUQEwYFaMjZ1tuBQZugFG6v8OS8Ihx71yqNshR3xDHvYaA==",
      "license": "ISC"
    },
    "node_modules/@tencentcloud/lite-chat": {
      "version": "1.6.18",
      "resolved": "https://registry.npmmirror.com/@tencentcloud/lite-chat/-/lite-chat-1.6.18.tgz",
      "integrity": "sha512-Gs3Ahns/v/uyWkoqANtTfa9Wl0VwjEA7xiVUcb0Xk67YahjTtHQNkt/nAYbaPKGNWVg36R/huaWi06fijo9lGA==",
      "license": "ISC"
    },
    "node_modules/@tencentcloud/tui-core-lite": {
      "version": "1.0.1",
      "resolved": "https://registry.npmmirror.com/@tencentcloud/tui-core-lite/-/tui-core-lite-1.0.1.tgz",
      "integrity": "sha512-EYPEzzUxArtGkhlD6fzzHUjMQJYRdttrLyFjWAemwAQ9yuEvCjPwN0HfMorK6QDOENKfjnSCnyipcE4qzEFHXg==",
      "license": "ISC",
      "dependencies": {
        "@tencentcloud/lite-chat": "^1.6.11"
      }
    },
    "node_modules/@trtc/call-engine-lite-js": {
      "version": "4.0.7",
      "resolved": "https://registry.npmmirror.com/@trtc/call-engine-lite-js/-/call-engine-lite-js-4.0.7.tgz",
      "integrity": "sha512-LQI5X+OaotFGcHQv6vArLE0lKeBgY3bEy2JaTh+hF99p6oV8L5up6GAckPx4istn+8EXfB5kVvvWxxf5whqtTA==",
      "license": "ISC",
      "dependencies": {
        "@tencentcloud/lite-chat": "^1.6.3",
        "core-js": "^3.8.3",
        "eventemitter3": "^4.0.7",
        "rtc-detect": "^0.0.5",
        "trtc-cloud-js-sdk": "2.13.1",
        "tuikit-logger": "latest"
      }
    },
    "node_modules/@trtc/calls-uikit-vue": {
      "version": "4.5.5",
      "resolved": "https://registry.npmmirror.com/@trtc/calls-uikit-vue/-/calls-uikit-vue-4.5.5.tgz",
      "integrity": "sha512-vUHsL/ddvQYt/Zea+P009Eri2ZvcBCDl/eeGt+tBz7QX2SHmbLJ6DkUpcV63Uv7kKS0aeEdw1p2LvrzXUyv9+w==",
      "license": "ISC",
      "dependencies": {
        "@tencentcloud/lite-chat": "^1.6.3",
        "@tencentcloud/tui-core-lite": "~1.0.1",
        "@trtc/call-engine-lite-js": "~4.0.6"
      }
    },
    "node_modules/core-js": {
      "version": "3.50.0",
      "resolved": "https://registry.npmmirror.com/core-js/-/core-js-3.50.0.tgz",
      "integrity": "sha512-BRWgOLKkFeCgRudR6zrs8p9XJZcE14grzKMMssoYrk6krtuEZ7MTKPIY5RzOnqsEKIR9kst7wNzphttraT+Yqw==",
      "hasInstallScript": true,
      "license": "MIT",
      "engines": {
        "node": "*"
      },
      "funding": {
        "type": "opencollective",
        "url": "https://opencollective.com/core-js"
      }
    },
    "node_modules/eventemitter3": {
      "version": "4.0.7",
      "resolved": "https://registry.npmmirror.com/eventemitter3/-/eventemitter3-4.0.7.tgz",
      "integrity": "sha512-8guHBZCwKnFhYdHr2ysuRWErTwhoN2X8XELRlrRwpmfeY2jjuUN4taQMsULKUVo1K4DvZl+0pgfyoysHxvmvEw==",
      "license": "MIT"
    },
    "node_modules/rtc-detect": {
      "version": "0.0.5",
      "resolved": "https://registry.npmmirror.com/rtc-detect/-/rtc-detect-0.0.5.tgz",
      "integrity": "sha512-VANIELbaoIkZRj4gyiCCbTM+/ASy0eNgF35jCs+rrGxzYvD7YIBajEbGGZeh+5ZCNAX8/rT8IVRdpuallf174Q==",
      "license": "ISC"
    },
    "node_modules/sdp": {
      "version": "3.2.2",
      "resolved": "https://registry.npmmirror.com/sdp/-/sdp-3.2.2.tgz",
      "integrity": "sha512-xZocWwfyp4hkbN4hLWxMjmv2Q8aNa9MhmOZ7L9aCZPT+dZsgRr6wZRrSYE3HTdyk/2pZKPSgqI7ns7Een1xMSA==",
      "license": "MIT"
    },
    "node_modules/tim-upload-plugin": {
      "version": "1.4.3",
      "resolved": "https://registry.npmmirror.com/tim-upload-plugin/-/tim-upload-plugin-1.4.3.tgz",
      "integrity": "sha512-3ZmbA36dr3eG9YGDon9MLBUtbNawYWkL+TBa+VS0Uviguc7PlVSOIVRG2C4irXX16slDT2Kj+HAZapp+Xqp2xg==",
      "license": "ISC"
    },
    "node_modules/trtc-cloud-js-sdk": {
      "version": "2.13.1",
      "resolved": "https://registry.npmmirror.com/trtc-cloud-js-sdk/-/trtc-cloud-js-sdk-2.13.1.tgz",
      "integrity": "sha512-685T7aS5xfVq9JdtNbWwfoV205E491OcXKN2dtL55JG4qNIbLol44htTv78aX5DHFdj9dzK4peAlPku4pglC2Q==",
      "license": "ISC",
      "dependencies": {
        "trtc-sdk-v5": "5.18.3-kit.2"
      }
    },
    "node_modules/trtc-sdk-v5": {
      "version": "5.18.3-kit.2",
      "resolved": "https://registry.npmmirror.com/trtc-sdk-v5/-/trtc-sdk-v5-5.18.3-kit.2.tgz",
      "integrity": "sha512-DhKwE0sOSplnbu2fFgO9vnE3D77cviH8BU307fssKP94wuNSaw6gvh068JRFyGhHbNkMJvDob9PkdKVieL3aOA==",
      "license": "ISC",
      "dependencies": {
        "webrtc-adapter": "^9.0.4"
      }
    },
    "node_modules/tuikit-logger": {
      "version": "0.0.4-beta.1",
      "resolved": "https://registry.npmmirror.com/tuikit-logger/-/tuikit-logger-0.0.4-beta.1.tgz",
      "integrity": "sha512-Ky83B1p88xakmfZ2f92cU0YxfolyxnQBv14tQpvnuHcMTnVR2Rjy8tityDGwF+pnxrAhJ7H7OPB/4rFdWVncIw==",
      "license": "ISC"
    },
    "node_modules/webrtc-adapter": {
      "version": "9.0.6",
      "resolved": "https://registry.npmmirror.com/webrtc-adapter/-/webrtc-adapter-9.0.6.tgz",
      "integrity": "sha512-CHbl2ZQbxx164IgWRgzJno4hWtM4tFbRam1QfI3Yxhs3w/DvqluVxVWeXs3oL5/fbGkSNLKo0Ty5MgUWceNhog==",
      "license": "BSD-3-Clause",
      "dependencies": {
        "sdp": "^3.2.0"
      },
      "engines": {
        "node": ">=6.0.0",
        "npm": ">=3.10.0"
      }
    }
  }
}
